
Microsoft Visual Studio Solution File, Format Version 12.00
Project("{FAE04EC0-301F-11D3-BF4B-00C04F79EFBC}") = "EfCoreBugs", "EfCoreBugs.csproj", "{FBE4FCEF-1B08-435E-A6EA-BA857F1C4243}"
EndProject
Global
	GlobalSection(SolutionConfigurationPlatforms) = preSolution
		Debug|Any CPU = Debug|Any CPU
		Release|Any CPU = Release|Any CPU
	EndGlobalSection
	GlobalSection(ProjectConfigurationPlatforms) = postSolution
		{FBE4FCEF-1B08-435E-A6EA-BA857F1C4243}.Debug|Any CPU.ActiveCfg = Debug|Any CPU
		{FBE4FCEF-1B08-435E-A6EA-BA857F1C4243}.Debug|Any CPU.Build.0 = Debug|Any CPU
		{FBE4FCEF-1B08-435E-A6EA-BA857F1C4243}.Release|Any CPU.ActiveCfg = Release|Any CPU
		{FBE4FCEF-1B08-435E-A6EA-BA857F1C4243}.Release|Any CPU.Build.0 = Release|Any CPU
	EndGlobalSection
EndGlobal
